// !$*UTF8*$!
{
	archiveVersion = 1;
	classes = {
	};
	objectVersion = 50;
	objects = {

/* Begin PBXBuildFile section */
		364950892377494000F1F9AD /* AppDelegate.swift in Sources */ = {isa = PBXBuildFile; fileRef = 364950882377494000F1F9AD /* AppDelegate.swift */; };
		3649508B2377494000F1F9AD /* SceneDelegate.swift in Sources */ = {isa = PBXBuildFile; fileRef = 3649508A2377494000F1F9AD /* SceneDelegate.swift */; };
		3649508D2377494000F1F9AD /* HomeViewController.swift in Sources */ = {isa = PBXBuildFile; fileRef = 3649508C2377494000F1F9AD /* HomeViewController.swift */; };
		364950902377494000F1F9AD /* Main.storyboard in Resources */ = {isa = PBXBuildFile; fileRef = 3649508E2377494000F1F9AD /* Main.storyboard */; };
		364950922377494300F1F9AD /* Assets.xcassets in Resources */ = {isa = PBXBuildFile; fileRef = 364950912377494300F1F9AD /* Assets.xcassets */; };
		364950952377494300F1F9AD /* LaunchScreen.storyboard in Resources */ = {isa = PBXBuildFile; fileRef = 364950932377494300F1F9AD /* LaunchScreen.storyboard */; };
		364950A02377494300F1F9AD /* ParkingTests.swift in Sources */ = {isa = PBXBuildFile; fileRef = 3649509F2377494300F1F9AD /* ParkingTests.swift */; };
		364950AB2377494300F1F9AD /* ParkingUITests.swift in Sources */ = {isa = PBXBuildFile; fileRef = 364950AA2377494300F1F9AD /* ParkingUITests.swift */; };
		FBDAA10C23774DB1002034BF /* MapViewController.swift in Sources */ = {isa = PBXBuildFile; fileRef = FBDAA10B23774DB1002034BF /* MapViewController.swift */; };
/* End PBXBuildFile section */

/* Begin PBXContainerItemProxy section */
		3649509C2377494300F1F9AD /* PBXContainerItemProxy */ = {
			isa = PBXContainerItemProxy;
			containerPortal = 3649507D2377494000F1F9AD /* Project object */;
			proxyType = 1;
			remoteGlobalIDString = 364950842377494000F1F9AD;
			remoteInfo = Parking;
		};
		364950A72377494300F1F9AD /* PBXContainerItemProxy */ = {
			isa = PBXContainerItemProxy;
			containerPortal = 3649507D2377494000F1F9AD /* Project object */;
			proxyType = 1;
			remoteGlobalIDString = 364950842377494000F1F9AD;
			remoteInfo = Parking;
		};
/* End PBXContainerItemProxy section */

/* Begin PBXFileReference section */
		364950852377494000F1F9AD /* Parking.app */ = {isa = PBXFileReference; explicitFileType = wrapper.application; includeInIndex = 0; path = Parking.app; sourceTree = BUILT_PRODUCTS_DIR; };
		364950882377494000F1F9AD /* AppDelegate.swift */ = {isa = PBXFileReference; lastKnownFileType = sourcecode.swift; path = AppDelegate.swift; sourceTree = "<group>"; };
		3649508A2377494000F1F9AD /* SceneDelegate.swift */ = {isa = PBXFileReference; lastKnownFileType = sourcecode.swift; path = SceneDelegate.swift; sourceTree = "<group>"; };
		3649508C2377494000F1F9AD /* HomeViewController.swift */ = {isa = PBXFileReference; lastKnownFileType = sourcecode.swift; path = HomeViewController.swift; sourceTree = "<group>"; };
		3649508F2377494000F1F9AD /* Base */ = {isa = PBXFileReference; lastKnownFileType = file.storyboard; name = Base; path = Base.lproj/Main.storyboard; sourceTree = "<group>"; };
		364950912377494300F1F9AD /* Assets.xcassets */ = {isa = PBXFileReference; lastKnownFileType = folder.assetcatalog; path = Assets.xcassets; sourceTree = "<group>"; };
		364950942377494300F1F9AD /* Base */ = {isa = PBXFileReference; lastKnownFileType = file.storyboard; name = Base; path = Base.lproj/LaunchScreen.storyboard; sourceTree = "<group>"; };
		364950962377494300F1F9AD /* Info.plist */ = {isa = PBXFileReference; lastKnownFileType = text.plist.xml; path = Info.plist; sourceTree = "<group>"; };
		3649509B2377494300F1F9AD /* ParkingTests.xctest */ = {isa = PBXFileReference; explicitFileType = wrapper.cfbundle; includeInIndex = 0; path = ParkingTests.xctest; sourceTree = BUILT_PRODUCTS_DIR; };
		3649509F2377494300F1F9AD /* ParkingTests.swift */ = {isa = PBXFileReference; lastKnownFileType = sourcecode.swift; path = ParkingTests.swift; sourceTree = "<group>"; };
		364950A12377494300F1F9AD /* Info.plist */ = {isa = PBXFileReference; lastKnownFileType = text.plist.xml; path = Info.plist; sourceTree = "<group>"; };
		364950A62377494300F1F9AD /* ParkingUITests.xctest */ = {isa = PBXFileReference; explicitFileType = wrapper.cfbundle; includeInIndex = 0; path = ParkingUITests.xctest; sourceTree = BUILT_PRODUCTS_DIR; };
		364950AA2377494300F1F9AD /* ParkingUITests.swift */ = {isa = PBXFileReference; lastKnownFileType = sourcecode.swift; path = ParkingUITests.swift; sourceTree = "<group>"; };
		364950AC2377494300F1F9AD /* Info.plist */ = {isa = PBXFileReference; lastKnownFileType = text.plist.xml; path = Info.plist; sourceTree = "<group>"; };
		FBDAA10B23774DB1002034BF /* MapViewController.swift */ = {isa = PBXFileReference; lastKnownFileType = sourcecode.swift; path = MapViewController.swift; sourceTree = "<group>"; };
/* End PBXFileReference section */

/* Begin PBXFrameworksBuildPhase section */
		364950822377494000F1F9AD /* Frameworks */ = {
			isa = PBXFrameworksBuildPhase;
			buildActionMask = 2147483647;
			files = (
			);
			runOnlyForDeploymentPostprocessing = 0;
		};
		364950982377494300F1F9AD /* Frameworks */ = {
			isa = PBXFrameworksBuildPhase;
			buildActionMask = 2147483647;
			files = (
			);
			runOnlyForDeploymentPostprocessing = 0;
		};
		364950A32377494300F1F9AD /* Frameworks */ = {
			isa = PBXFrameworksBuildPhase;
			buildActionMask = 2147483647;
			files = (
			);
			runOnlyForDeploymentPostprocessing = 0;
		};
/* End PBXFrameworksBuildPhase section */

/* Begin PBXGroup section */
		3649507C2377494000F1F9AD = {
			isa = PBXGroup;
			children = (
				364950872377494000F1F9AD /* Parking */,
				3649509E2377494300F1F9AD /* ParkingTests */,
				364950A92377494300F1F9AD /* ParkingUITests */,
				364950862377494000F1F9AD /* Products */,
			);
			sourceTree = "<group>";
		};
		364950862377494000F1F9AD /* Products */ = {
			isa = PBXGroup;
			children = (
				364950852377494000F1F9AD /* Parking.app */,
				3649509B2377494300F1F9AD /* ParkingTests.xctest */,
				364950A62377494300F1F9AD /* ParkingUITests.xctest */,
			);
			name = Products;
			sourceTree = "<group>";
		};
		364950872377494000F1F9AD /* Parking */ = {
			isa = PBXGroup;
			children = (
				364950882377494000F1F9AD /* AppDelegate.swift */,
				3649508A2377494000F1F9AD /* SceneDelegate.swift */,
				3649508C2377494000F1F9AD /* HomeViewController.swift */,
				FBDAA10B23774DB1002034BF /* MapViewController.swift */,
				3649508E2377494000F1F9AD /* Main.storyboard */,
				364950912377494300F1F9AD /* Assets.xcassets */,
				364950932377494300F1F9AD /* LaunchScreen.storyboard */,
				364950962377494300F1F9AD /* Info.plist */,
			);
			path = Parking;
			sourceTree = "<group>";
		};
		3649509E2377494300F1F9AD /* ParkingTests */ = {
			isa = PBXGroup;
			children = (
				3649509F2377494300F1F9AD /* ParkingTests.swift */,
				364950A12377494300F1F9AD /* Info.plist */,
			);
			path = ParkingTests;
			sourceTree = "<group>";
		};
		364950A92377494300F1F9AD /* ParkingUITests */ = {
			isa = PBXGroup;
			children = (
				364950AA2377494300F1F9AD /* ParkingUITests.swift */,
				364950AC2377494300F1F9AD /* Info.plist */,
			);
			path = ParkingUITests;
			sourceTree = "<group>";
		};
/* End PBXGroup section */

/* Begin PBXNativeTarget section */
		364950842377494000F1F9AD /* Parking */ = {
			isa = PBXNativeTarget;
			buildConfigurationList = 364950AF2377494300F1F9AD /* Build configuration list for PBXNativeTarget "Parking" */;
			buildPhases = (
				364950812377494000F1F9AD /* Sources */,
				364950822377494000F1F9AD /* Frameworks */,
				364950832377494000F1F9AD /* Resources */,
			);
			buildRules = (
			);
			dependencies = (
			);
			name = Parking;
			productName = Parking;
			productReference = 364950852377494000F1F9AD /* Parking.app */;
			productType = "com.apple.product-type.application";
		};
		3649509A2377494300F1F9AD /* ParkingTests */ = {
			isa = PBXNativeTarget;
			buildConfigurationList = 364950B22377494300F1F9AD /* Build configuration list for PBXNativeTarget "ParkingTests" */;
			buildPhases = (
				364950972377494300F1F9AD /* Sources */,
				364950982377494300F1F9AD /* Frameworks */,
				364950992377494300F1F9AD /* Resources */,
			);
			buildRules = (
			);
			dependencies = (
				3649509D2377494300F1F9AD /* PBXTargetDependency */,
			);
			name = ParkingTests;
			productName = ParkingTests;
			productReference = 3649509B2377494300F1F9AD /* ParkingTests.xctest */;
			productType = "com.apple.product-type.bundle.unit-test";
		};
		364950A52377494300F1F9AD /* ParkingUITests */ = {
			isa = PBXNativeTarget;
			buildConfigurationList = 364950B52377494300F1F9AD /* Build configuration list for PBXNativeTarget "ParkingUITests" */;
			buildPhases = (
				364950A22377494300F1F9AD /* Sources */,
				364950A32377494300F1F9AD /* Frameworks */,
				364950A42377494300F1F9AD /* Resources */,
			);
			buildRules = (
			);
			dependencies = (
				364950A82377494300F1F9AD /* PBXTargetDependency */,
			);
			name = ParkingUITests;
			productName = ParkingUITests;
			productReference = 364950A62377494300F1F9AD /* ParkingUITests.xctest */;
			productType = "com.apple.product-type.bundle.ui-testing";
		};
/* End PBXNativeTarget section */

/* Begin PBXProject section */
		3649507D2377494000F1F9AD /* Project object */ = {
			isa = PBXProject;
			attributes = {
				LastSwiftUpdateCheck = 1120;
				LastUpgradeCheck = 1120;
				ORGANIZATIONNAME = "Snehal Mulchandani";
				TargetAttributes = {
					364950842377494000F1F9AD = {
						CreatedOnToolsVersion = 11.2;
					};
					3649509A2377494300F1F9AD = {
						CreatedOnToolsVersion = 11.2;
						TestTargetID = 364950842377494000F1F9AD;
					};
					364950A52377494300F1F9AD = {
						CreatedOnToolsVersion = 11.2;
						TestTargetID = 364950842377494000F1F9AD;
					};
				};
			};
			buildConfigurationList = 364950802377494000F1F9AD /* Build configuration list for PBXProject "Parking" */;
			compatibilityVersion = "Xcode 9.3";
			developmentRegion = en;
			hasScannedForEncodings = 0;
			knownRegions = (
				en,
				Base,
			);
			mainGroup = 3649507C2377494000F1F9AD;
			productRefGroup = 364950862377494000F1F9AD /* Products */;
			projectDirPath = "";
			projectRoot = "";
			targets = (
				364950842377494000F1F9AD /* Parking */,
				3649509A2377494300F1F9AD /* ParkingTests */,
				364950A52377494300F1F9AD /* ParkingUITests */,
			);
		};
/* End PBXProject section */

/* Begin PBXResourcesBuildPhase section */
		364950832377494000F1F9AD /* Resources */ = {
			isa = PBXResourcesBuildPhase;
			buildActionMask = 2147483647;
			files = (
				364950952377494300F1F9AD /* LaunchScreen.storyboard in Resources */,
				364950922377494300F1F9AD /* Assets.xcassets in Resources */,
				364950902377494000F1F9AD /* Main.storyboard in Resources */,
			);
			runOnlyForDeploymentPostprocessing = 0;
		};
		364950992377494300F1F9AD /* Resources */ = {
			isa = PBXResourcesBuildPhase;
			buildActionMask = 2147483647;
			files = (
			);
			runOnlyForDeploymentPostprocessing = 0;
		};
		364950A42377494300F1F9AD /* Resources */ = {
			isa = PBXResourcesBuildPhase;
			buildActionMask = 2147483647;
			files = (
			);
			runOnlyForDeploymentPostprocessing = 0;
		};
/* End PBXResourcesBuildPhase section */

/* Begin PBXSourcesBuildPhase section */
		364950812377494000F1F9AD /* Sources */ = {
			isa = PBXSourcesBuildPhase;
			buildActionMask = 2147483647;
			files = (
				3649508D2377494000F1F9AD /* HomeViewController.swift in Sources */,
				364950892377494000F1F9AD /* AppDelegate.swift in Sources */,
				3649508B2377494000F1F9AD /* SceneDelegate.swift in Sources */,
				FBDAA10C23774DB1002034BF /* MapViewController.swift in Sources */,
			);
			runOnlyForDeploymentPostprocessing = 0;
		};
		364950972377494300F1F9AD /* Sources */ = {
			isa = PBXSourcesBuildPhase;
			buildActionMask = 2147483647;
			files = (
				364950A02377494300F1F9AD /* ParkingTests.swift in Sources */,
			);
			runOnlyForDeploymentPostprocessing = 0;
		};
		364950A22377494300F1F9AD /* Sources */ = {
			isa = PBXSourcesBuildPhase;
			buildActionMask = 2147483647;
			files = (
				364950AB2377494300F1F9AD /* ParkingUITests.swift in Sources */,
			);
			runOnlyForDeploymentPostprocessing = 0;
		};
/* End PBXSourcesBuildPhase section */

/* Begin PBXTargetDependency section */
		3649509D2377494300F1F9AD /* PBXTargetDependency */ = {
			isa = PBXTargetDependency;
			target = 364950842377494000F1F9AD /* Parking */;
			targetProxy = 3649509C2377494300F1F9AD /* PBXContainerItemProxy */;
		};
		364950A82377494300F1F9AD /* PBXTargetDependency */ = {
			isa = PBXTargetDependency;
			target = 364950842377494000F1F9AD /* Parking */;
			targetProxy = 364950A72377494300F1F9AD /* PBXContainerItemProxy */;
		};
/* End PBXTargetDependency section */

/* Begin PBXVariantGroup section */
		3649508E2377494000F1F9AD /* Main.storyboard */ = {
			isa = PBXVariantGroup;
			children = (
				3649508F2377494000F1F9AD /* Base */,
			);
			name = Main.storyboard;
			sourceTree = "<group>";
		};
		364950932377494300F1F9AD /* LaunchScreen.storyboard */ = {
			isa = PBXVariantGroup;
			children = (
				364950942377494300F1F9AD /* Base */,
			);
			name = LaunchScreen.storyboard;
			sourceTree = "<group>";
		};
/* End PBXVariantGroup section */

/* Begin XCBuildConfiguration section */
		364950AD2377494300F1F9AD /* Debug */ = {
			isa = XCBuildConfiguration;
			buildSettings = {
				ALWAYS_SEARCH_USER_PATHS = NO;
				CLANG_ANALYZER_NONNULL = YES;
				CLANG_ANALYZER_NUMBER_OBJECT_CONVERSION = YES_AGGRESSIVE;
				CLANG_CXX_LANGUAGE_STANDARD = "gnu++14";
				CLANG_CXX_LIBRARY = "libc++";
				CLANG_ENABLE_MODULES = YES;
				CLANG_ENABLE_OBJC_ARC = YES;
				CLANG_ENABLE_OBJC_WEAK = YES;
				CLANG_WARN_BLOCK_CAPTURE_AUTORELEASING = YES;
				CLANG_WARN_BOOL_CONVERSION = YES;
				CLANG_WARN_COMMA = YES;
				CLANG_WARN_CONSTANT_CONVERSION = YES;
				CLANG_WARN_DEPRECATED_OBJC_IMPLEMENTATIONS = YES;
				CLANG_WARN_DIRECT_OBJC_ISA_USAGE = YES_ERROR;
				CLANG_WARN_DOCUMENTATION_COMMENTS = YES;
				CLANG_WARN_EMPTY_BODY = YES;
				CLANG_WARN_ENUM_CONVERSION = YES;
				CLANG_WARN_INFINITE_RECURSION = YES;
				CLANG_WARN_INT_CONVERSION = YES;
				CLANG_WARN_NON_LITERAL_NULL_CONVERSION = YES;
				CLANG_WARN_OBJC_IMPLICIT_RETAIN_SELF = YES;
				CLANG_WARN_OBJC_LITERAL_CONVERSION = YES;
				CLANG_WARN_OBJC_ROOT_CLASS = YES_ERROR;
				CLANG_WARN_RANGE_LOOP_ANALYSIS = YES;
				CLANG_WARN_STRICT_PROTOTYPES = YES;
				CLANG_WARN_SUSPICIOUS_MOVE = YES;
				CLANG_WARN_UNGUARDED_AVAILABILITY = YES_AGGRESSIVE;
				CLANG_WARN_UNREACHABLE_CODE = YES;
				CLANG_WARN__DUPLICATE_METHOD_MATCH = YES;
				COPY_PHASE_STRIP = NO;
				DEBUG_INFORMATION_FORMAT = dwarf;
				ENABLE_STRICT_OBJC_MSGSEND = YES;
				ENABLE_TESTABILITY = YES;
				GCC_C_LANGUAGE_STANDARD = gnu11;
				GCC_DYNAMIC_NO_PIC = NO;
				GCC_NO_COMMON_BLOCKS = YES;
				GCC_OPTIMIZATION_LEVEL = 0;
				GCC_PREPROCESSOR_DEFINITIONS = (
					"DEBUG=1",
					"$(inherited)",
				);
				GCC_WARN_64_TO_32_BIT_CONVERSION = YES;
				GCC_WARN_ABOUT_RETURN_TYPE = YES_ERROR;
				GCC_WARN_UNDECLARED_SELECTOR = YES;
				GCC_WARN_UNINITIALIZED_AUTOS = YES_AGGRESSIVE;
				GCC_WARN_UNUSED_FUNCTION = YES;
				GCC_WARN_UNUSED_VARIABLE = YES;
				IPHONEOS_DEPLOYMENT_TARGET = 13.2;
				MTL_ENABLE_DEBUG_INFO = INCLUDE_SOURCE;
				MTL_FAST_MATH = YES;
				ONLY_ACTIVE_ARCH = YES;
				SDKROOT = iphoneos;
				SWIFT_ACTIVE_COMPILATION_CONDITIONS = DEBUG;
				SWIFT_OPTIMIZATION_LEVEL = "-Onone";
			};
			name = Debug;
		};
		364950AE2377494300F1F9AD /* Release */ = {
			isa = XCBuildConfiguration;
			buildSettings = {
				ALWAYS_SEARCH_USER_PATHS = NO;
				CLANG_ANALYZER_NONNULL = YES;
				CLANG_ANALYZER_NUMBER_OBJECT_CONVERSION = YES_AGGRESSIVE;
				CLANG_CXX_LANGUAGE_STANDARD = "gnu++14";
				CLANG_CXX_LIBRARY = "libc++";
				CLANG_ENABLE_MODULES = YES;
				CLANG_ENABLE_OBJC_ARC = YES;
				CLANG_ENABLE_OBJC_WEAK = YES;
				CLANG_WARN_BLOCK_CAPTURE_AUTORELEASING = YES;
				CLANG_WARN_BOOL_CONVERSION = YES;
				CLANG_WARN_COMMA = YES;
				CLANG_WARN_CONSTANT_CONVERSION = YES;
				CLANG_WARN_DEPRECATED_OBJC_IMPLEMENTATIONS = YES;
				CLANG_WARN_DIRECT_OBJC_ISA_USAGE = YES_ERROR;
				CLANG_WARN_DOCUMENTATION_COMMENTS = YES;
				CLANG_WARN_EMPTY_BODY = YES;
				CLANG_WARN_ENUM_CONVERSION = YES;
				CLANG_WARN_INFINITE_RECURSION = YES;
				CLANG_WARN_INT_CONVERSION = YES;
				CLANG_WARN_NON_LITERAL_NULL_CONVERSION = YES;
				CLANG_WARN_OBJC_IMPLICIT_RETAIN_SELF = YES;
				CLANG_WARN_OBJC_LITERAL_CONVERSION = YES;
				CLANG_WARN_OBJC_ROOT_CLASS = YES_ERROR;
				CLANG_WARN_RANGE_LOOP_ANALYSIS = YES;
				CLANG_WARN_STRICT_PROTOTYPES = YES;
				CLANG_WARN_SUSPICIOUS_MOVE = YES;
				CLANG_WARN_UNGUARDED_AVAILABILITY = YES_AGGRESSIVE;
				CLANG_WARN_UNREACHABLE_CODE = YES;
				CLANG_WARN__DUPLICATE_METHOD_MATCH = YES;
				COPY_PHASE_STRIP = NO;
				DEBUG_INFORMATION_FORMAT = "dwarf-with-dsym";
				ENABLE_NS_ASSERTIONS = NO;
				ENABLE_STRICT_OBJC_MSGSEND = YES;
				GCC_C_LANGUAGE_STANDARD = gnu11;
				GCC_NO_COMMON_BLOCKS = YES;
				GCC_WARN_64_TO_32_BIT_CONVERSION = YES;
				GCC_WARN_ABOUT_RETURN_TYPE = YES_ERROR;
				GCC_WARN_UNDECLARED_SELECTOR = YES;
				GCC_WARN_UNINITIALIZED_AUTOS = YES_AGGRESSIVE;
				GCC_WARN_UNUSED_FUNCTION = YES;
				GCC_WARN_UNUSED_VARIABLE = YES;
				IPHONEOS_DEPLOYMENT_TARGET = 13.2;
				MTL_ENABLE_DEBUG_INFO = NO;
				MTL_FAST_MATH = YES;
				SDKROOT = iphoneos;
				SWIFT_COMPILATION_MODE = wholemodule;
				SWIFT_OPTIMIZATION_LEVEL = "-O";
				VALIDATE_PRODUCT = YES;
			};
			name = Release;
		};
		364950B02377494300F1F9AD /* Debug */ = {
			isa = XCBuildConfiguration;
			buildSettings = {
				ASSETCATALOG_COMPILER_APPICON_NAME = AppIcon;
				CODE_SIGN_STYLE = Automatic;
				INFOPLIST_FILE = Parking/Info.plist;
				LD_RUNPATH_SEARCH_PATHS = (
					"$(inherited)",
					"@executable_path/Frameworks",
				);
				PRODUCT_BUNDLE_IDENTIFIER = com.Parking.Parking;
				PRODUCT_NAME = "$(TARGET_NAME)";
				SWIFT_VERSION = 5.0;
				TARGETED_DEVICE_FAMILY = "1,2";
			};
			name = Debug;
		};
		364950B12377494300F1F9AD /* Release */ = {
			isa = XCBuildConfiguration;
			buildSettings = {
				ASSETCATALOG_COMPILER_APPICON_NAME = AppIcon;
				CODE_SIGN_STYLE = Automatic;
				INFOPLIST_FILE = Parking/Info.plist;
				LD_RUNPATH_SEARCH_PATHS = (
					"$(inherited)",
					"@executable_path/Frameworks",
				);
				PRODUCT_BUNDLE_IDENTIFIER = com.Parking.Parking;
				PRODUCT_NAME = "$(TARGET_NAME)";
				SWIFT_VERSION = 5.0;
				TARGETED_DEVICE_FAMILY = "1,2";
			};
			name = Release;
		};
		364950B32377494300F1F9AD /* Debug */ = {
			isa = XCBuildConfiguration;
			buildSettings = {
				ALWAYS_EMBED_SWIFT_STANDARD_LIBRARIES = YES;
				BUNDLE_LOADER = "$(TEST_HOST)";
				CODE_SIGN_STYLE = Automatic;
				INFOPLIST_FILE = ParkingTests/Info.plist;
				IPHONEOS_DEPLOYMENT_TARGET = 13.2;
				LD_RUNPATH_SEARCH_PATHS = (
					"$(inherited)",
					"@executable_path/Frameworks",
					"@loader_path/Frameworks",
				);
				PRODUCT_BUNDLE_IDENTIFIER = com.Parking.ParkingTests;
				PRODUCT_NAME = "$(TARGET_NAME)";
				SWIFT_VERSION = 5.0;
				TARGETED_DEVICE_FAMILY = "1,2";
				TEST_HOST = "$(BUILT_PRODUCTS_DIR)/Parking.app/Parking";
			};
			name = Debug;
		};
		364950B42377494300F1F9AD /* Release */ = {
			isa = XCBuildConfiguration;
			buildSettings = {
				ALWAYS_EMBED_SWIFT_STANDARD_LIBRARIES = YES;
				BUNDLE_LOADER = "$(TEST_HOST)";
				CODE_SIGN_STYLE = Automatic;
				INFOPLIST_FILE = ParkingTests/Info.plist;
				IPHONEOS_DEPLOYMENT_TARGET = 13.2;
				LD_RUNPATH_SEARCH_PATHS = (
					"$(inherited)",
					"@executable_path/Frameworks",
					"@loader_path/Frameworks",
				);
				PRODUCT_BUNDLE_IDENTIFIER = com.Parking.ParkingTests;
				PRODUCT_NAME = "$(TARGET_NAME)";
				SWIFT_VERSION = 5.0;
				TARGETED_DEVICE_FAMILY = "1,2";
				TEST_HOST = "$(BUILT_PRODUCTS_DIR)/Parking.app/Parking";
			};
			name = Release;
		};
		364950B62377494300F1F9AD /* Debug */ = {
			isa = XCBuildConfiguration;
			buildSettings = {
				ALWAYS_EMBED_SWIFT_STANDARD_LIBRARIES = YES;
				CODE_SIGN_STYLE = Automatic;
				INFOPLIST_FILE = ParkingUITests/Info.plist;
				LD_RUNPATH_SEARCH_PATHS = (
					"$(inherited)",
					"@executable_path/Frameworks",
					"@loader_path/Frameworks",
				);
				PRODUCT_BUNDLE_IDENTIFIER = com.Parking.ParkingUITests;
				PRODUCT_NAME = "$(TARGET_NAME)";
				SWIFT_VERSION = 5.0;
				TARGETED_DEVICE_FAMILY = "1,2";
				TEST_TARGET_NAME = Parking;
			};
			name = Debug;
		};
		364950B72377494300F1F9AD /* Release */ = {
			isa = XCBuildConfiguration;
			buildSettings = {
				ALWAYS_EMBED_SWIFT_STANDARD_LIBRARIES = YES;
				CODE_SIGN_STYLE = Automatic;
				INFOPLIST_FILE = ParkingUITests/Info.plist;
				LD_RUNPATH_SEARCH_PATHS = (
					"$(inherited)",
					"@executable_path/Frameworks",
					"@loader_path/Frameworks",
				);
				PRODUCT_BUNDLE_IDENTIFIER = com.Parking.ParkingUITests;
				PRODUCT_NAME = "$(TARGET_NAME)";
				SWIFT_VERSION = 5.0;
				TARGETED_DEVICE_FAMILY = "1,2";
				TEST_TARGET_NAME = Parking;
			};
			name = Release;
		};
/* End XCBuildConfiguration section */

/* Begin XCConfigurationList section */
		364950802377494000F1F9AD /* Build configuration list for PBXProject "Parking" */ = {
			isa = XCConfigurationList;
			buildConfigurations = (
				364950AD2377494300F1F9AD /* Debug */,
				364950AE2377494300F1F9AD /* Release */,
			);
			defaultConfigurationIsVisible = 0;
			defaultConfigurationName = Release;
		};
		364950AF2377494300F1F9AD /* Build configuration list for PBXNativeTarget "Parking" */ = {
			isa = XCConfigurationList;
			buildConfigurations = (
				364950B02377494300F1F9AD /* Debug */,
				364950B12377494300F1F9AD /* Release */,
			);
			defaultConfigurationIsVisible = 0;
			defaultConfigurationName = Release;
		};
		364950B22377494300F1F9AD /* Build configuration list for PBXNativeTarget "ParkingTests" */ = {
			isa = XCConfigurationList;
			buildConfigurations = (
				364950B32377494300F1F9AD /* Debug */,
				364950B42377494300F1F9AD /* Release */,
			);
			defaultConfigurationIsVisible = 0;
			defaultConfigurationName = Release;
		};
		364950B52377494300F1F9AD /* Build configuration list for PBXNativeTarget "ParkingUITests" */ = {
			isa = XCConfigurationList;
			buildConfigurations = (
				364950B62377494300F1F9AD /* Debug */,
				364950B72377494300F1F9AD /* Release */,
			);
			defaultConfigurationIsVisible = 0;
			defaultConfigurationName = Release;
		};
/* End XCConfigurationList section */
	};
	rootObject = 3649507D2377494000F1F9AD /* Project object */;
}
